
Microsoft Visual Studio Solution File, Format Version 12.00
# Visual Studio Version 17
VisualStudioVersion = 17.8.34511.84
MinimumVisualStudioVersion = 10.0.40219.1
Project("{9A19103F-16F7-4668-BE54-9A1E7A4F7556}") = "HouseRentSystem.Web", "HouseRentSystem.Web\HouseRentSystem.Web.csproj", "{3CA8E119-2C4C-4E0D-B5A7-A6D241CAFC35}"
EndProject
Project("{9A19103F-16F7-4668-BE54-9A1E7A4F7556}") = "HouseRentSystem.Data", "HouseRentSystem.Data\HouseRentSystem.Data.csproj", "{24F3A1C1-2627-4C54-A315-FF44674DC45B}"
EndProject
Project("{9A19103F-16F7-4668-BE54-9A1E7A4F7556}") = "HouseRentSystem.Common", "HouseRentSystem.Common\HouseRentSystem.Common.csproj", "{E3DF6ECD-BB31-4D32-A9B2-D79DCFE24319}"
EndProject
Project("{9A19103F-16F7-4668-BE54-9A1E7A4F7556}") = "HouseRentSystem.Core", "HouseRentSystem.Core\HouseRentSystem.Core.csproj", "{22CF402D-82A6-463F-B1FD-4491E3929556}"
EndProject
Project("{FAE04EC0-301F-11D3-BF4B-00C04F79EFBC}") = "ConsoleApp1", "ConsoleApp1\ConsoleApp1.csproj", "{E99BB49C-16EB-4F6F-9DF0-B8EF22152F76}"
EndProject
Global
	GlobalSection(SolutionConfigurationPlatforms) = preSolution
		Debug|Any CPU = Debug|Any CPU
		Release|Any CPU = Release|Any CPU
	EndGlobalSection
	GlobalSection(ProjectConfigurationPlatforms) = postSolution
		{3CA8E119-2C4C-4E0D-B5A7-A6D241CAFC35}.Debug|Any CPU.ActiveCfg = Debug|Any CPU
		{3CA8E119-2C4C-4E0D-B5A7-A6D241CAFC35}.Debug|Any CPU.Build.0 = Debug|Any CPU
		{3CA8E119-2C4C-4E0D-B5A7-A6D241CAFC35}.Release|Any CPU.ActiveCfg = Release|Any CPU
		{3CA8E119-2C4C-4E0D-B5A7-A6D241CAFC35}.Release|Any CPU.Build.0 = Release|Any CPU
		{24F3A1C1-2627-4C54-A315-FF44674DC45B}.Debug|Any CPU.ActiveCfg = Debug|Any CPU
		{24F3A1C1-2627-4C54-A315-FF44674DC45B}.Debug|Any CPU.Build.0 = Debug|Any CPU
		{24F3A1C1-2627-4C54-A315-FF44674DC45B}.Release|Any CPU.ActiveCfg = Release|Any CPU
		{24F3A1C1-2627-4C54-A315-FF44674DC45B}.Release|Any CPU.Build.0 = Release|Any CPU
		{E3DF6ECD-BB31-4D32-A9B2-D79DCFE24319}.Debug|Any CPU.ActiveCfg = Debug|Any CPU
		{E3DF6ECD-BB31-4D32-A9B2-D79DCFE24319}.Debug|Any CPU.Build.0 = Debug|Any CPU
		{E3DF6ECD-BB31-4D32-A9B2-D79DCFE24319}.Release|Any CPU.ActiveCfg = Release|Any CPU
		{E3DF6ECD-BB31-4D32-A9B2-D79DCFE24319}.Release|Any CPU.Build.0 = Release|Any CPU
		{22CF402D-82A6-463F-B1FD-4491E3929556}.Debug|Any CPU.ActiveCfg = Debug|Any CPU
		{22CF402D-82A6-463F-B1FD-4491E3929556}.Debug|Any CPU.Build.0 = Debug|Any CPU
		{22CF402D-82A6-463F-B1FD-4491E3929556}.Release|Any CPU.ActiveCfg = Release|Any CPU
		{22CF402D-82A6-463F-B1FD-4491E3929556}.Release|Any CPU.Build.0 = Release|Any CPU
		{E99BB49C-16EB-4F6F-9DF0-B8EF22152F76}.Debug|Any CPU.ActiveCfg = Debug|Any CPU
		{E99BB49C-16EB-4F6F-9DF0-B8EF22152F76}.Debug|Any CPU.Build.0 = Debug|Any CPU
		{E99BB49C-16EB-4F6F-9DF0-B8EF22152F76}.Release|Any CPU.ActiveCfg = Release|Any CPU
		{E99BB49C-16EB-4F6F-9DF0-B8EF22152F76}.Release|Any CPU.Build.0 = Release|Any CPU
	EndGlobalSection
	GlobalSection(SolutionProperties) = preSolution
		HideSolutionNode = FALSE
	EndGlobalSection
	GlobalSection(ExtensibilityGlobals) = postSolution
		SolutionGuid = {E96868E8-BCA7-4C5A-80B9-FC9B81A1B246}
	EndGlobalSection
EndGlobal
